
Microsoft Visual Studio Solution File, Format Version 12.00
# Visual Studio Version 16
VisualStudioVersion = 16.0.30523.141
MinimumVisualStudioVersion = 10.0.40219.1
Project("{FAE04EC0-301F-11D3-BF4B-00C04F79EFBC}") = "Practica3FerrazOviedoJorgeWPF", "Practica3FerrazOviedoJorgeWPF\Practica3FerrazOviedoJorgeWPF.csproj", "{46DB7D91-4896-4C1C-8C65-E5D125470518}"
EndProject
Global
	GlobalSection(SolutionConfigurationPlatforms) = preSolution
		Debug|Any CPU = Debug|Any CPU
		Release|Any CPU = Release|Any CPU
	EndGlobalSection
	GlobalSection(ProjectConfigurationPlatforms) = postSolution
		{46DB7D91-4896-4C1C-8C65-E5D125470518}.Debug|Any CPU.ActiveCfg = Debug|Any CPU
		{46DB7D91-4896-4C1C-8C65-E5D125470518}.Debug|Any CPU.Build.0 = Debug|Any CPU
		{46DB7D91-4896-4C1C-8C65-E5D125470518}.Release|Any CPU.ActiveCfg = Release|Any CPU
		{46DB7D91-4896-4C1C-8C65-E5D125470518}.Release|Any CPU.Build.0 = Release|Any CPU
	EndGlobalSection
	GlobalSection(SolutionProperties) = preSolution
		HideSolutionNode = FALSE
	EndGlobalSection
	GlobalSection(ExtensibilityGlobals) = postSolution
		SolutionGuid = {7EC8F79E-0FA4-448C-98C7-68BF5D989555}
	EndGlobalSection
EndGlobal
