
Microsoft Visual Studio Solution File, Format Version 12.00
# Visual Studio Version 16
VisualStudioVersion = 16.0.30523.141
MinimumVisualStudioVersion = 10.0.40219.1
Project("{FAE04EC0-301F-11D3-BF4B-00C04F79EFBC}") = "Practica2EJ1FerrazOviedoJorgeWPF", "Practica2EJ1FerrazOviedoJorgeWPF\Practica2EJ1FerrazOviedoJorgeWPF.csproj", "{1851FBDE-FE84-44D0-8B2C-F97FB20B1A3C}"
EndProject
Global
	GlobalSection(SolutionConfigurationPlatforms) = preSolution
		Debug|Any CPU = Debug|Any CPU
		Release|Any CPU = Release|Any CPU
	EndGlobalSection
	GlobalSection(ProjectConfigurationPlatforms) = postSolution
		{1851FBDE-FE84-44D0-8B2C-F97FB20B1A3C}.Debug|Any CPU.ActiveCfg = Debug|Any CPU
		{1851FBDE-FE84-44D0-8B2C-F97FB20B1A3C}.Debug|Any CPU.Build.0 = Debug|Any CPU
		{1851FBDE-FE84-44D0-8B2C-F97FB20B1A3C}.Release|Any CPU.ActiveCfg = Release|Any CPU
		{1851FBDE-FE84-44D0-8B2C-F97FB20B1A3C}.Release|Any CPU.Build.0 = Release|Any CPU
	EndGlobalSection
	GlobalSection(SolutionProperties) = preSolution
		HideSolutionNode = FALSE
	EndGlobalSection
	GlobalSection(ExtensibilityGlobals) = postSolution
		SolutionGuid = {FCA6BF68-AFB4-4A5D-9E0A-13CB25F2C120}
	EndGlobalSection
EndGlobal
