
Microsoft Visual Studio Solution File, Format Version 12.00
# Visual Studio Version 16
VisualStudioVersion = 16.0.30611.23
MinimumVisualStudioVersion = 10.0.40219.1
Project("{FAE04EC0-301F-11D3-BF4B-00C04F79EFBC}") = "Practica1FerrrazOviedoJorgeWPF", "Practica1FerrrazOviedoJorgeWPF\Practica1FerrrazOviedoJorgeWPF.csproj", "{A163CE68-1172-4E8A-BF62-AD3B33AE1A3B}"
EndProject
Global
	GlobalSection(SolutionConfigurationPlatforms) = preSolution
		Debug|Any CPU = Debug|Any CPU
		Release|Any CPU = Release|Any CPU
	EndGlobalSection
	GlobalSection(ProjectConfigurationPlatforms) = postSolution
		{A163CE68-1172-4E8A-BF62-AD3B33AE1A3B}.Debug|Any CPU.ActiveCfg = Debug|Any CPU
		{A163CE68-1172-4E8A-BF62-AD3B33AE1A3B}.Debug|Any CPU.Build.0 = Debug|Any CPU
		{A163CE68-1172-4E8A-BF62-AD3B33AE1A3B}.Release|Any CPU.ActiveCfg = Release|Any CPU
		{A163CE68-1172-4E8A-BF62-AD3B33AE1A3B}.Release|Any CPU.Build.0 = Release|Any CPU
	EndGlobalSection
	GlobalSection(SolutionProperties) = preSolution
		HideSolutionNode = FALSE
	EndGlobalSection
	GlobalSection(ExtensibilityGlobals) = postSolution
		SolutionGuid = {FB8D23D2-DA3B-4088-9D66-5E4512C9E213}
	EndGlobalSection
EndGlobal
